Microsoft Visual Studio Solution File, Format Version 11.00
# Visual Studio 2008

Project("{96223774-180D-4014-8F74-2675B4100004}") = "PluzzeGame", "Assembly-CSharp.csproj", "{9DAEA961-FBD0-483A-031D-E99499EA1D00}"
EndProject
Global
	GlobalSection(SolutionConfigurationPlatforms) = preSolution
		Debug|Any CPU = Debug|Any CPU
		Release|Any CPU = Release|Any CPU
	EndGlobalSection
	GlobalSection(ProjectConfigurationPlatforms) = postSolution
		{9DAEA961-FBD0-483A-031D-E99499EA1D00}.Debug|Any CPU.ActiveCfg = Debug|Any CPU
		{9DAEA961-FBD0-483A-031D-E99499EA1D00}.Debug|Any CPU.Build.0 = Debug|Any CPU
		{9DAEA961-FBD0-483A-031D-E99499EA1D00}.Release|Any CPU.ActiveCfg = Release|Any CPU
		{9DAEA961-FBD0-483A-031D-E99499EA1D00}.Release|Any CPU.Build.0 = Release|Any CPU
	EndGlobalSection
	GlobalSection(SolutionProperties) = preSolution
		HideSolutionNode = FALSE
	EndGlobalSection
	GlobalSection(MonoDevelopProperties) = preSolution
		StartupItem = Assembly-CSharp.csproj
	EndGlobalSection
EndGlobal
